// !$*UTF8*$!
{
	archiveVersion = 1;
	classes = {
	};
	objectVersion = 50;
	objects = {

/* Begin PBXBuildFile section */
		3576CC24223A59F7003D21F8 /* AINetworkEngine.m in Sources */ = {isa = PBXBuildFile; fileRef = 3576CC21223A59F7003D21F8 /* AINetworkEngine.m */; };
		3576CC25223A59F7003D21F8 /* AINetworkResult.m in Sources */ = {isa = PBXBuildFile; fileRef = 3576CC22223A59F7003D21F8 /* AINetworkResult.m */; };
		3576CC2E223A5B44003D21F8 /* BaseRefreshHeader.m in Sources */ = {isa = PBXBuildFile; fileRef = 3576CC2C223A5B44003D21F8 /* BaseRefreshHeader.m */; };
		3576CC2F223A5B44003D21F8 /* BaseRefreshFooter.m in Sources */ = {isa = PBXBuildFile; fileRef = 3576CC2D223A5B44003D21F8 /* BaseRefreshFooter.m */; };
		3576CC34223A5B77003D21F8 /* UserInfoModel.m in Sources */ = {isa = PBXBuildFile; fileRef = 3576CC31223A5B77003D21F8 /* UserInfoModel.m */; };
		3576CC35223A5B77003D21F8 /* BaseModel.m in Sources */ = {isa = PBXBuildFile; fileRef = 3576CC32223A5B77003D21F8 /* BaseModel.m */; };
		3576CC38223A5BBD003D21F8 /* BaseTableView.m in Sources */ = {isa = PBXBuildFile; fileRef = 3576CC37223A5BBD003D21F8 /* BaseTableView.m */; };
		3576CC3D223A5C80003D21F8 /* Constants.m in Sources */ = {isa = PBXBuildFile; fileRef = 3576CC39223A5C80003D21F8 /* Constants.m */; };
		35951C55223B8AED003354B3 /* CommonTool.m in Sources */ = {isa = PBXBuildFile; fileRef = 35951C54223B8AED003354B3 /* CommonTool.m */; };
		35951C5C223B8B88003354B3 /* NSData+AES.m in Sources */ = {isa = PBXBuildFile; fileRef = 35951C59223B8B88003354B3 /* NSData+AES.m */; };
		35951C5D223B8B88003354B3 /* GTMBase64.m in Sources */ = {isa = PBXBuildFile; fileRef = 35951C5B223B8B88003354B3 /* GTMBase64.m */; };
		35951C65223B935A003354B3 /* BaseViewController.m in Sources */ = {isa = PBXBuildFile; fileRef = 35951C64223B935A003354B3 /* BaseViewController.m */; };
		35951C68223B938B003354B3 /* BaseNavigationController.m in Sources */ = {isa = PBXBuildFile; fileRef = 35951C67223B938B003354B3 /* BaseNavigationController.m */; };
		35951C6B223B93C0003354B3 /* UIView+DKRoundedCorners.m in Sources */ = {isa = PBXBuildFile; fileRef = 35951C6A223B93C0003354B3 /* UIView+DKRoundedCorners.m */; };
		35951C6E223B9405003354B3 /* NSString+Extension.m in Sources */ = {isa = PBXBuildFile; fileRef = 35951C6D223B9404003354B3 /* NSString+Extension.m */; };
		35BCCFAC2240DB570033FFD1 /* 方正粗谭黑简体.TTF in Resources */ = {isa = PBXBuildFile; fileRef = 35BCCFAB2240DB570033FFD1 /* 方正粗谭黑简体.TTF */; };
		35E1556422390C8700F6C1C3 /* AppDelegate.m in Sources */ = {isa = PBXBuildFile; fileRef = 35E1556322390C8700F6C1C3 /* AppDelegate.m */; };
		35E1556722390C8700F6C1C3 /* ViewController.m in Sources */ = {isa = PBXBuildFile; fileRef = 35E1556622390C8700F6C1C3 /* ViewController.m */; };
		35E1556A22390C8700F6C1C3 /* Main.storyboard in Resources */ = {isa = PBXBuildFile; fileRef = 35E1556822390C8700F6C1C3 /* Main.storyboard */; };
		35E1556C22390C8900F6C1C3 /* Assets.xcassets in Resources */ = {isa = PBXBuildFile; fileRef = 35E1556B22390C8900F6C1C3 /* Assets.xcassets */; };
		35E1556F22390C8900F6C1C3 /* LaunchScreen.storyboard in Resources */ = {isa = PBXBuildFile; fileRef = 35E1556D22390C8900F6C1C3 /* LaunchScreen.storyboard */; };
		35E1557222390C8900F6C1C3 /* main.m in Sources */ = {isa = PBXBuildFile; fileRef = 35E1557122390C8900F6C1C3 /* main.m */; };
		35E1557C22390C8900F6C1C3 /* DKProjectDemoTests.m in Sources */ = {isa = PBXBuildFile; fileRef = 35E1557B22390C8900F6C1C3 /* DKProjectDemoTests.m */; };
		35E1558722390C8900F6C1C3 /* DKProjectDemoUITests.m in Sources */ = {isa = PBXBuildFile; fileRef = 35E1558622390C8900F6C1C3 /* DKProjectDemoUITests.m */; };
		4BA8ABC80F964D866ADA8B38 /* libPods-DKProjectDemo.a in Frameworks */ = {isa = PBXBuildFile; fileRef = 082FAF981851BB7D22A0459A /* libPods-DKProjectDemo.a */; };
/* End PBXBuildFile section */

/* Begin PBXContainerItemProxy section */
		35E1557822390C8900F6C1C3 /* PBXContainerItemProxy */ = {
			isa = PBXContainerItemProxy;
			containerPortal = 35E1555722390C8700F6C1C3 /* Project object */;
			proxyType = 1;
			remoteGlobalIDString = 35E1555E22390C8700F6C1C3;
			remoteInfo = DKProjectDemo;
		};
		35E1558322390C8900F6C1C3 /* PBXContainerItemProxy */ = {
			isa = PBXContainerItemProxy;
			containerPortal = 35E1555722390C8700F6C1C3 /* Project object */;
			proxyType = 1;
			remoteGlobalIDString = 35E1555E22390C8700F6C1C3;
			remoteInfo = DKProjectDemo;
		};
/* End PBXContainerItemProxy section */

/* Begin PBXFileReference section */
		082FAF981851BB7D22A0459A /* libPods-DKProjectDemo.a */ = {isa = PBXFileReference; explicitFileType = archive.ar; includeInIndex = 0; path = "libPods-DKProjectDemo.a"; sourceTree = BUILT_PRODUCTS_DIR; };
		11B671076F5CD08F8E801765 /* Pods-DKProjectDemo.release.xcconfig */ = {isa = PBXFileReference; includeInIndex = 1; lastKnownFileType = text.xcconfig; name = "Pods-DKProjectDemo.release.xcconfig"; path = "Pods/Target Support Files/Pods-DKProjectDemo/Pods-DKProjectDemo.release.xcconfig"; sourceTree = "<group>"; };
		3576CC20223A59F7003D21F8 /* AINetworkEngine.h */ = {isa = PBXFileReference; fileEncoding = 4; lastKnownFileType = sourcecode.c.h; path = AINetworkEngine.h; sourceTree = "<group>"; };
		3576CC21223A59F7003D21F8 /* AINetworkEngine.m */ = {isa = PBXFileReference; fileEncoding = 4; lastKnownFileType = sourcecode.c.objc; path = AINetworkEngine.m; sourceTree = "<group>"; };
		3576CC22223A59F7003D21F8 /* AINetworkResult.m */ = {isa = PBXFileReference; fileEncoding = 4; lastKnownFileType = sourcecode.c.objc; path = AINetworkResult.m; sourceTree = "<group>"; };
		3576CC23223A59F7003D21F8 /* AINetworkResult.h */ = {isa = PBXFileReference; fileEncoding = 4; lastKnownFileType = sourcecode.c.h; path = AINetworkResult.h; sourceTree = "<group>"; };
		3576CC2A223A5B44003D21F8 /* BaseRefreshFooter.h */ = {isa = PBXFileReference; fileEncoding = 4; lastKnownFileType = sourcecode.c.h; path = BaseRefreshFooter.h; sourceTree = "<group>"; };
		3576CC2B223A5B44003D21F8 /* BaseRefreshHeader.h */ = {isa = PBXFileReference; fileEncoding = 4; lastKnownFileType = sourcecode.c.h; path = BaseRefreshHeader.h; sourceTree = "<group>"; };
		3576CC2C223A5B44003D21F8 /* BaseRefreshHeader.m */ = {isa = PBXFileReference; fileEncoding = 4; lastKnownFileType = sourcecode.c.objc; path = BaseRefreshHeader.m; sourceTree = "<group>"; };
		3576CC2D223A5B44003D21F8 /* BaseRefreshFooter.m */ = {isa = PBXFileReference; fileEncoding = 4; lastKnownFileType = sourcecode.c.objc; path = BaseRefreshFooter.m; sourceTree = "<group>"; };
		3576CC30223A5B77003D21F8 /* BaseModel.h */ = {isa = PBXFileReference; fileEncoding = 4; lastKnownFileType = sourcecode.c.h; path = BaseModel.h; sourceTree = "<group>"; };
		3576CC31223A5B77003D21F8 /* UserInfoModel.m */ = {isa = PBXFileReference; fileEncoding = 4; lastKnownFileType = sourcecode.c.objc; path = UserInfoModel.m; sourceTree = "<group>"; };
		3576CC32223A5B77003D21F8 /* BaseModel.m */ = {isa = PBXFileReference; fileEncoding = 4; lastKnownFileType = sourcecode.c.objc; path = BaseModel.m; sourceTree = "<group>"; };
		3576CC33223A5B77003D21F8 /* UserInfoModel.h */ = {isa = PBXFileReference; fileEncoding = 4; lastKnownFileType = sourcecode.c.h; path = UserInfoModel.h; sourceTree = "<group>"; };
		3576CC36223A5BBD003D21F8 /* BaseTableView.h */ = {isa = PBXFileReference; fileEncoding = 4; lastKnownFileType = sourcecode.c.h; path = BaseTableView.h; sourceTree = "<group>"; };
		3576CC37223A5BBD003D21F8 /* BaseTableView.m */ = {isa = PBXFileReference; fileEncoding = 4; lastKnownFileType = sourcecode.c.objc; path = BaseTableView.m; sourceTree = "<group>"; };
		3576CC39223A5C80003D21F8 /* Constants.m */ = {isa = PBXFileReference; fileEncoding = 4; lastKnownFileType = sourcecode.c.objc; path = Constants.m; sourceTree = "<group>"; };
		3576CC3A223A5C80003D21F8 /* Constants.h */ = {isa = PBXFileReference; fileEncoding = 4; lastKnownFileType = sourcecode.c.h; path = Constants.h; sourceTree = "<group>"; };
		3576CC3B223A5C80003D21F8 /* CommonMacro.h */ = {isa = PBXFileReference; fileEncoding = 4; lastKnownFileType = sourcecode.c.h; path = CommonMacro.h; sourceTree = "<group>"; };
		3576CC3C223A5C80003D21F8 /* PrefixHeader.pch */ = {isa = PBXFileReference; fileEncoding = 4; lastKnownFileType = sourcecode.c.h; path = PrefixHeader.pch; sourceTree = "<group>"; };
		35951C53223B8AED003354B3 /* CommonTool.h */ = {isa = PBXFileReference; fileEncoding = 4; lastKnownFileType = sourcecode.c.h; path = CommonTool.h; sourceTree = "<group>"; };
		35951C54223B8AED003354B3 /* CommonTool.m */ = {isa = PBXFileReference; fileEncoding = 4; lastKnownFileType = sourcecode.c.objc; path = CommonTool.m; sourceTree = "<group>"; };
		35951C57223B8B88003354B3 /* NSData+AES.h */ = {isa = PBXFileReference; fileEncoding = 4; lastKnownFileType = sourcecode.c.h; path = "NSData+AES.h"; sourceTree = "<group>"; };
		35951C58223B8B88003354B3 /* GTMBase64.h */ = {isa = PBXFileReference; fileEncoding = 4; lastKnownFileType = sourcecode.c.h; path = GTMBase64.h; sourceTree = "<group>"; };
		35951C59223B8B88003354B3 /* NSData+AES.m */ = {isa = PBXFileReference; fileEncoding = 4; lastKnownFileType = sourcecode.c.objc; path = "NSData+AES.m"; sourceTree = "<group>"; };
		35951C5A223B8B88003354B3 /* GTMDefines.h */ = {isa = PBXFileReference; fileEncoding = 4; lastKnownFileType = sourcecode.c.h; path = GTMDefines.h; sourceTree = "<group>"; };
		35951C5B223B8B88003354B3 /* GTMBase64.m */ = {isa = PBXFileReference; fileEncoding = 4; lastKnownFileType = sourcecode.c.objc; path = GTMBase64.m; sourceTree = "<group>"; };
		35951C63223B935A003354B3 /* BaseViewController.h */ = {isa = PBXFileReference; fileEncoding = 4; lastKnownFileType = sourcecode.c.h; path = BaseViewController.h; sourceTree = "<group>"; };
		35951C64223B935A003354B3 /* BaseViewController.m */ = {isa = PBXFileReference; fileEncoding = 4; lastKnownFileType = sourcecode.c.objc; path = BaseViewController.m; sourceTree = "<group>"; };
		35951C66223B938B003354B3 /* BaseNavigationController.h */ = {isa = PBXFileReference; fileEncoding = 4; lastKnownFileType = sourcecode.c.h; path = BaseNavigationController.h; sourceTree = "<group>"; };
		35951C67223B938B003354B3 /* BaseNavigationController.m */ = {isa = PBXFileReference; fileEncoding = 4; lastKnownFileType = sourcecode.c.objc; path = BaseNavigationController.m; sourceTree = "<group>"; };
		35951C69223B93C0003354B3 /* UIView+DKRoundedCorners.h */ = {isa = PBXFileReference; fileEncoding = 4; lastKnownFileType = sourcecode.c.h; path = "UIView+DKRoundedCorners.h"; sourceTree = "<group>"; };
		35951C6A223B93C0003354B3 /* UIView+DKRoundedCorners.m */ = {isa = PBXFileReference; fileEncoding = 4; lastKnownFileType = sourcecode.c.objc; path = "UIView+DKRoundedCorners.m"; sourceTree = "<group>"; };
		35951C6C223B9404003354B3 /* NSString+Extension.h */ = {isa = PBXFileReference; fileEncoding = 4; lastKnownFileType = sourcecode.c.h; path = "NSString+Extension.h"; sourceTree = "<group>"; };
		35951C6D223B9404003354B3 /* NSString+Extension.m */ = {isa = PBXFileReference; fileEncoding = 4; lastKnownFileType = sourcecode.c.objc; path = "NSString+Extension.m"; sourceTree = "<group>"; };
		35BCCFAB2240DB570033FFD1 /* 方正粗谭黑简体.TTF */ = {isa = PBXFileReference; lastKnownFileType = file; path = "方正粗谭黑简体.TTF"; sourceTree = "<group>"; };
		35E1555F22390C8700F6C1C3 /* DKProjectDemo.app */ = {isa = PBXFileReference; explicitFileType = wrapper.application; includeInIndex = 0; path = DKProjectDemo.app; sourceTree = BUILT_PRODUCTS_DIR; };
		35E1556222390C8700F6C1C3 /* AppDelegate.h */ = {isa = PBXFileReference; lastKnownFileType = sourcecode.c.h; path = AppDelegate.h; sourceTree = "<group>"; };
		35E1556322390C8700F6C1C3 /* AppDelegate.m */ = {isa = PBXFileReference; lastKnownFileType = sourcecode.c.objc; path = AppDelegate.m; sourceTree = "<group>"; };
		35E1556522390C8700F6C1C3 /* ViewController.h */ = {isa = PBXFileReference; lastKnownFileType = sourcecode.c.h; path = ViewController.h; sourceTree = "<group>"; };
		35E1556622390C8700F6C1C3 /* ViewController.m */ = {isa = PBXFileReference; lastKnownFileType = sourcecode.c.objc; path = ViewController.m; sourceTree = "<group>"; };
		35E1556922390C8700F6C1C3 /* Base */ = {isa = PBXFileReference; lastKnownFileType = file.storyboard; name = Base; path = Base.lproj/Main.storyboard; sourceTree = "<group>"; };
		35E1556B22390C8900F6C1C3 /* Assets.xcassets */ = {isa = PBXFileReference; lastKnownFileType = folder.assetcatalog; path = Assets.xcassets; sourceTree = "<group>"; };
		35E1556E22390C8900F6C1C3 /* Base */ = {isa = PBXFileReference; lastKnownFileType = file.storyboard; name = Base; path = Base.lproj/LaunchScreen.storyboard; sourceTree = "<group>"; };
		35E1557022390C8900F6C1C3 /* Info.plist */ = {isa = PBXFileReference; lastKnownFileType = text.plist.xml; path = Info.plist; sourceTree = "<group>"; };
		35E1557122390C8900F6C1C3 /* main.m */ = {isa = PBXFileReference; lastKnownFileType = sourcecode.c.objc; path = main.m; sourceTree = "<group>"; };
		35E1557722390C8900F6C1C3 /* DKProjectDemoTests.xctest */ = {isa = PBXFileReference; explicitFileType = wrapper.cfbundle; includeInIndex = 0; path = DKProjectDemoTests.xctest; sourceTree = BUILT_PRODUCTS_DIR; };
		35E1557B22390C8900F6C1C3 /* DKProjectDemoTests.m */ = {isa = PBXFileReference; lastKnownFileType = sourcecode.c.objc; path = DKProjectDemoTests.m; sourceTree = "<group>"; };
		35E1557D22390C8900F6C1C3 /* Info.plist */ = {isa = PBXFileReference; lastKnownFileType = text.plist.xml; path = Info.plist; sourceTree = "<group>"; };
		35E1558222390C8900F6C1C3 /* DKProjectDemoUITests.xctest */ = {isa = PBXFileReference; explicitFileType = wrapper.cfbundle; includeInIndex = 0; path = DKProjectDemoUITests.xctest; sourceTree = BUILT_PRODUCTS_DIR; };
		35E1558622390C8900F6C1C3 /* DKProjectDemoUITests.m */ = {isa = PBXFileReference; lastKnownFileType = sourcecode.c.objc; path = DKProjectDemoUITests.m; sourceTree = "<group>"; };
		35E1558822390C8900F6C1C3 /* Info.plist */ = {isa = PBXFileReference; lastKnownFileType = text.plist.xml; path = Info.plist; sourceTree = "<group>"; };
		EE2FC6563792C21BE0E03AC9 /* Pods-DKProjectDemo.debug.xcconfig */ = {isa = PBXFileReference; includeInIndex = 1; lastKnownFileType = text.xcconfig; name = "Pods-DKProjectDemo.debug.xcconfig"; path = "Pods/Target Support Files/Pods-DKProjectDemo/Pods-DKProjectDemo.debug.xcconfig"; sourceTree = "<group>"; };
/* End PBXFileReference section */

/* Begin PBXFrameworksBuildPhase section */
		35E1555C22390C8700F6C1C3 /* Frameworks */ = {
			isa = PBXFrameworksBuildPhase;
			buildActionMask = 2147483647;
			files = (
				4BA8ABC80F964D866ADA8B38 /* libPods-DKProjectDemo.a in Frameworks */,
			);
			runOnlyForDeploymentPostprocessing = 0;
		};
		35E1557422390C8900F6C1C3 /* Frameworks */ = {
			isa = PBXFrameworksBuildPhase;
			buildActionMask = 2147483647;
			files = (
			);
			runOnlyForDeploymentPostprocessing = 0;
		};
		35E1557F22390C8900F6C1C3 /* Frameworks */ = {
			isa = PBXFrameworksBuildPhase;
			buildActionMask = 2147483647;
			files = (
			);
			runOnlyForDeploymentPostprocessing = 0;
		};
/* End PBXFrameworksBuildPhase section */

/* Begin PBXGroup section */
		30E383493B85E2AC131152FC /* Pods */ = {
			isa = PBXGroup;
			children = (
				EE2FC6563792C21BE0E03AC9 /* Pods-DKProjectDemo.debug.xcconfig */,
				11B671076F5CD08F8E801765 /* Pods-DKProjectDemo.release.xcconfig */,
			);
			name = Pods;
			sourceTree = "<group>";
		};
		3576CC18223A5563003D21F8 /* NetWorking */ = {
			isa = PBXGroup;
			children = (
				3576CC20223A59F7003D21F8 /* AINetworkEngine.h */,
				3576CC21223A59F7003D21F8 /* AINetworkEngine.m */,
				3576CC23223A59F7003D21F8 /* AINetworkResult.h */,
				3576CC22223A59F7003D21F8 /* AINetworkResult.m */,
			);
			path = NetWorking;
			sourceTree = "<group>";
		};
		3576CC19223A5566003D21F8 /* Macro */ = {
			isa = PBXGroup;
			children = (
				3576CC3B223A5C80003D21F8 /* CommonMacro.h */,
				3576CC3A223A5C80003D21F8 /* Constants.h */,
				3576CC39223A5C80003D21F8 /* Constants.m */,
				3576CC3C223A5C80003D21F8 /* PrefixHeader.pch */,
			);
			path = Macro;
			sourceTree = "<group>";
		};
		3576CC1A223A5568003D21F8 /* Resources */ = {
			isa = PBXGroup;
			children = (
				35BCCFAA2240DB570033FFD1 /* font */,
			);
			path = Resources;
			sourceTree = "<group>";
		};
		3576CC1B223A556B003D21F8 /* Tools */ = {
			isa = PBXGroup;
			children = (
				35951C53223B8AED003354B3 /* CommonTool.h */,
				35951C54223B8AED003354B3 /* CommonTool.m */,
			);
			path = Tools;
			sourceTree = "<group>";
		};
		3576CC1C223A556E003D21F8 /* Category */ = {
			isa = PBXGroup;
			children = (
				35951C6C223B9404003354B3 /* NSString+Extension.h */,
				35951C6D223B9404003354B3 /* NSString+Extension.m */,
				35951C69223B93C0003354B3 /* UIView+DKRoundedCorners.h */,
				35951C6A223B93C0003354B3 /* UIView+DKRoundedCorners.m */,
			);
			path = Category;
			sourceTree = "<group>";
		};
		3576CC1D223A5570003D21F8 /* Vender */ = {
			isa = PBXGroup;
			children = (
				35951C56223B8B88003354B3 /* Base64 */,
			);
			path = Vender;
			sourceTree = "<group>";
		};
		3576CC1E223A5573003D21F8 /* Base */ = {
			isa = PBXGroup;
			children = (
				3576CC29223A5AFD003D21F8 /* Class */,
				3576CC28223A5AFA003D21F8 /* Model */,
				3576CC27223A5AF8003D21F8 /* Refresh */,
			);
			path = Base;
			sourceTree = "<group>";
		};
		3576CC1F223A5576003D21F8 /* Controller */ = {
			isa = PBXGroup;
			children = (
				35E1556522390C8700F6C1C3 /* ViewController.h */,
				35E1556622390C8700F6C1C3 /* ViewController.m */,
			);
			path = Controller;
			sourceTree = "<group>";
		};
		3576CC27223A5AF8003D21F8 /* Refresh */ = {
			isa = PBXGroup;
			children = (
				3576CC2B223A5B44003D21F8 /* BaseRefreshHeader.h */,
				3576CC2C223A5B44003D21F8 /* BaseRefreshHeader.m */,
				3576CC2A223A5B44003D21F8 /* BaseRefreshFooter.h */,
				3576CC2D223A5B44003D21F8 /* BaseRefreshFooter.m */,
			);
			path = Refresh;
			sourceTree = "<group>";
		};
		3576CC28223A5AFA003D21F8 /* Model */ = {
			isa = PBXGroup;
			children = (
				3576CC30223A5B77003D21F8 /* BaseModel.h */,
				3576CC32223A5B77003D21F8 /* BaseModel.m */,
				3576CC33223A5B77003D21F8 /* UserInfoModel.h */,
				3576CC31223A5B77003D21F8 /* UserInfoModel.m */,
			);
			path = Model;
			sourceTree = "<group>";
		};
		3576CC29223A5AFD003D21F8 /* Class */ = {
			isa = PBXGroup;
			children = (
				35951C66223B938B003354B3 /* BaseNavigationController.h */,
				35951C67223B938B003354B3 /* BaseNavigationController.m */,
				35951C63223B935A003354B3 /* BaseViewController.h */,
				35951C64223B935A003354B3 /* BaseViewController.m */,
				3576CC36223A5BBD003D21F8 /* BaseTableView.h */,
				3576CC37223A5BBD003D21F8 /* BaseTableView.m */,
			);
			path = Class;
			sourceTree = "<group>";
		};
		35951C56223B8B88003354B3 /* Base64 */ = {
			isa = PBXGroup;
			children = (
				35951C57223B8B88003354B3 /* NSData+AES.h */,
				35951C59223B8B88003354B3 /* NSData+AES.m */,
				35951C5A223B8B88003354B3 /* GTMDefines.h */,
				35951C58223B8B88003354B3 /* GTMBase64.h */,
				35951C5B223B8B88003354B3 /* GTMBase64.m */,
			);
			path = Base64;
			sourceTree = "<group>";
		};
		35BCCFAA2240DB570033FFD1 /* font */ = {
			isa = PBXGroup;
			children = (
				35BCCFAB2240DB570033FFD1 /* 方正粗谭黑简体.TTF */,
			);
			path = font;
			sourceTree = "<group>";
		};
		35E1555622390C8700F6C1C3 = {
			isa = PBXGroup;
			children = (
				35E1556122390C8700F6C1C3 /* DKProjectDemo */,
				35E1557A22390C8900F6C1C3 /* DKProjectDemoTests */,
				35E1558522390C8900F6C1C3 /* DKProjectDemoUITests */,
				35E1556022390C8700F6C1C3 /* Products */,
				30E383493B85E2AC131152FC /* Pods */,
				F652C03F519296F81E6C7575 /* Frameworks */,
			);
			sourceTree = "<group>";
		};
		35E1556022390C8700F6C1C3 /* Products */ = {
			isa = PBXGroup;
			children = (
				35E1555F22390C8700F6C1C3 /* DKProjectDemo.app */,
				35E1557722390C8900F6C1C3 /* DKProjectDemoTests.xctest */,
				35E1558222390C8900F6C1C3 /* DKProjectDemoUITests.xctest */,
			);
			name = Products;
			sourceTree = "<group>";
		};
		35E1556122390C8700F6C1C3 /* DKProjectDemo */ = {
			isa = PBXGroup;
			children = (
				3576CC1F223A5576003D21F8 /* Controller */,
				3576CC1E223A5573003D21F8 /* Base */,
				3576CC1D223A5570003D21F8 /* Vender */,
				3576CC1C223A556E003D21F8 /* Category */,
				3576CC1B223A556B003D21F8 /* Tools */,
				3576CC1A223A5568003D21F8 /* Resources */,
				3576CC19223A5566003D21F8 /* Macro */,
				3576CC18223A5563003D21F8 /* NetWorking */,
				35E1556222390C8700F6C1C3 /* AppDelegate.h */,
				35E1556322390C8700F6C1C3 /* AppDelegate.m */,
				35E1556822390C8700F6C1C3 /* Main.storyboard */,
				35E1556B22390C8900F6C1C3 /* Assets.xcassets */,
				35E1556D22390C8900F6C1C3 /* LaunchScreen.storyboard */,
				35E1557022390C8900F6C1C3 /* Info.plist */,
				35E1557122390C8900F6C1C3 /* main.m */,
			);
			path = DKProjectDemo;
			sourceTree = "<group>";
		};
		35E1557A22390C8900F6C1C3 /* DKProjectDemoTests */ = {
			isa = PBXGroup;
			children = (
				35E1557B22390C8900F6C1C3 /* DKProjectDemoTests.m */,
				35E1557D22390C8900F6C1C3 /* Info.plist */,
			);
			path = DKProjectDemoTests;
			sourceTree = "<group>";
		};
		35E1558522390C8900F6C1C3 /* DKProjectDemoUITests */ = {
			isa = PBXGroup;
			children = (
				35E1558622390C8900F6C1C3 /* DKProjectDemoUITests.m */,
				35E1558822390C8900F6C1C3 /* Info.plist */,
			);
			path = DKProjectDemoUITests;
			sourceTree = "<group>";
		};
		F652C03F519296F81E6C7575 /* Frameworks */ = {
			isa = PBXGroup;
			children = (
				082FAF981851BB7D22A0459A /* libPods-DKProjectDemo.a */,
			);
			name = Frameworks;
			sourceTree = "<group>";
		};
/* End PBXGroup section */

/* Begin PBXNativeTarget section */
		35E1555E22390C8700F6C1C3 /* DKProjectDemo */ = {
			isa = PBXNativeTarget;
			buildConfigurationList = 35E1558B22390C8900F6C1C3 /* Build configuration list for PBXNativeTarget "DKProjectDemo" */;
			buildPhases = (
				14F3A7BC8ED15A82D0D14DBE /* [CP] Check Pods Manifest.lock */,
				35E1555B22390C8700F6C1C3 /* Sources */,
				35E1555C22390C8700F6C1C3 /* Frameworks */,
				35E1555D22390C8700F6C1C3 /* Resources */,
				5913A19A3439BB33D1F22291 /* [CP] Embed Pods Frameworks */,
				D3B4E66C900AD48F34FFC388 /* [CP] Copy Pods Resources */,
			);
			buildRules = (
			);
			dependencies = (
			);
			name = DKProjectDemo;
			productName = DKProjectDemo;
			productReference = 35E1555F22390C8700F6C1C3 /* DKProjectDemo.app */;
			productType = "com.apple.product-type.application";
		};
		35E1557622390C8900F6C1C3 /* DKProjectDemoTests */ = {
			isa = PBXNativeTarget;
			buildConfigurationList = 35E1558E22390C8900F6C1C3 /* Build configuration list for PBXNativeTarget "DKProjectDemoTests" */;
			buildPhases = (
				35E1557322390C8900F6C1C3 /* Sources */,
				35E1557422390C8900F6C1C3 /* Frameworks */,
				35E1557522390C8900F6C1C3 /* Resources */,
			);
			buildRules = (
			);
			dependencies = (
				35E1557922390C8900F6C1C3 /* PBXTargetDependency */,
			);
			name = DKProjectDemoTests;
			productName = DKProjectDemoTests;
			productReference = 35E1557722390C8900F6C1C3 /* DKProjectDemoTests.xctest */;
			productType = "com.apple.product-type.bundle.unit-test";
		};
		35E1558122390C8900F6C1C3 /* DKProjectDemoUITests */ = {
			isa = PBXNativeTarget;
			buildConfigurationList = 35E1559122390C8900F6C1C3 /* Build configuration list for PBXNativeTarget "DKProjectDemoUITests" */;
			buildPhases = (
				35E1557E22390C8900F6C1C3 /* Sources */,
				35E1557F22390C8900F6C1C3 /* Frameworks */,
				35E1558022390C8900F6C1C3 /* Resources */,
			);
			buildRules = (
			);
			dependencies = (
				35E1558422390C8900F6C1C3 /* PBXTargetDependency */,
			);
			name = DKProjectDemoUITests;
			productName = DKProjectDemoUITests;
			productReference = 35E1558222390C8900F6C1C3 /* DKProjectDemoUITests.xctest */;
			productType = "com.apple.product-type.bundle.ui-testing";
		};
/* End PBXNativeTarget section */

/* Begin PBXProject section */
		35E1555722390C8700F6C1C3 /* Project object */ = {
			isa = PBXProject;
			attributes = {
				LastUpgradeCheck = 1010;
				ORGANIZATIONNAME = "刘雨奇";
				TargetAttributes = {
					35E1555E22390C8700F6C1C3 = {
						CreatedOnToolsVersion = 10.1;
					};
					35E1557622390C8900F6C1C3 = {
						CreatedOnToolsVersion = 10.1;
						TestTargetID = 35E1555E22390C8700F6C1C3;
					};
					35E1558122390C8900F6C1C3 = {
						CreatedOnToolsVersion = 10.1;
						TestTargetID = 35E1555E22390C8700F6C1C3;
					};
				};
			};
			buildConfigurationList = 35E1555A22390C8700F6C1C3 /* Build configuration list for PBXProject "DKProjectDemo" */;
			compatibilityVersion = "Xcode 9.3";
			developmentRegion = en;
			hasScannedForEncodings = 0;
			knownRegions = (
				en,
				Base,
			);
			mainGroup = 35E1555622390C8700F6C1C3;
			productRefGroup = 35E1556022390C8700F6C1C3 /* Products */;
			projectDirPath = "";
			projectRoot = "";
			targets = (
				35E1555E22390C8700F6C1C3 /* DKProjectDemo */,
				35E1557622390C8900F6C1C3 /* DKProjectDemoTests */,
				35E1558122390C8900F6C1C3 /* DKProjectDemoUITests */,
			);
		};
/* End PBXProject section */

/* Begin PBXResourcesBuildPhase section */
		35E1555D22390C8700F6C1C3 /* Resources */ = {
			isa = PBXResourcesBuildPhase;
			buildActionMask = 2147483647;
			files = (
				35E1556F22390C8900F6C1C3 /* LaunchScreen.storyboard in Resources */,
				35E1556C22390C8900F6C1C3 /* Assets.xcassets in Resources */,
				35E1556A22390C8700F6C1C3 /* Main.storyboard in Resources */,
				35BCCFAC2240DB570033FFD1 /* 方正粗谭黑简体.TTF in Resources */,
			);
			runOnlyForDeploymentPostprocessing = 0;
		};
		35E1557522390C8900F6C1C3 /* Resources */ = {
			isa = PBXResourcesBuildPhase;
			buildActionMask = 2147483647;
			files = (
			);
			runOnlyForDeploymentPostprocessing = 0;
		};
		35E1558022390C8900F6C1C3 /* Resources */ = {
			isa = PBXResourcesBuildPhase;
			buildActionMask = 2147483647;
			files = (
			);
			runOnlyForDeploymentPostprocessing = 0;
		};
/* End PBXResourcesBuildPhase section */

/* Begin PBXShellScriptBuildPhase section */
		14F3A7BC8ED15A82D0D14DBE /* [CP] Check Pods Manifest.lock */ = {
			isa = PBXShellScriptBuildPhase;
			buildActionMask = 2147483647;
			files = (
			);
			inputPaths = (
				"${PODS_PODFILE_DIR_PATH}/Podfile.lock",
				"${PODS_ROOT}/Manifest.lock",
			);
			name = "[CP] Check Pods Manifest.lock";
			outputPaths = (
				"$(DERIVED_FILE_DIR)/Pods-DKProjectDemo-checkManifestLockResult.txt",
			);
			runOnlyForDeploymentPostprocessing = 0;
			shellPath = /bin/sh;
			shellScript = "diff \"${PODS_PODFILE_DIR_PATH}/Podfile.lock\" \"${PODS_ROOT}/Manifest.lock\" > /dev/null\nif [ $? != 0 ] ; then\n    # print error to STDERR\n    echo \"error: The sandbox is not in sync with the Podfile.lock. Run 'pod install' or update your CocoaPods installation.\" >&2\n    exit 1\nfi\n# This output is used by Xcode 'outputs' to avoid re-running this script phase.\necho \"SUCCESS\" > \"${SCRIPT_OUTPUT_FILE_0}\"\n";
			showEnvVarsInLog = 0;
		};
		5913A19A3439BB33D1F22291 /* [CP] Embed Pods Frameworks */ = {
			isa = PBXShellScriptBuildPhase;
			buildActionMask = 2147483647;
			files = (
			);
			inputPaths = (
			);
			name = "[CP] Embed Pods Frameworks";
			outputPaths = (
			);
			runOnlyForDeploymentPostprocessing = 0;
			shellPath = /bin/sh;
			shellScript = "\"${SRCROOT}/Pods/Target Support Files/Pods-DKProjectDemo/Pods-DKProjectDemo-frameworks.sh\"\n";
			showEnvVarsInLog = 0;
		};
		D3B4E66C900AD48F34FFC388 /* [CP] Copy Pods Resources */ = {
			isa = PBXShellScriptBuildPhase;
			buildActionMask = 2147483647;
			files = (
			);
			inputPaths = (
				"${SRCROOT}/Pods/Target Support Files/Pods-DKProjectDemo/Pods-DKProjectDemo-resources.sh",
				"${PODS_ROOT}/BRPickerView/BRPickerView/AddressPickerView/BRPickerView.bundle",
				"${PODS_ROOT}/IQKeyboardManager/IQKeyboardManager/Resources/IQKeyboardManager.bundle",
				"${PODS_ROOT}/MJRefresh/MJRefresh/MJRefresh.bundle",
				"${PODS_ROOT}/TZImagePickerController/TZImagePickerController/TZImagePickerController/TZImagePickerController.bundle",
			);
			name = "[CP] Copy Pods Resources";
			outputPaths = (
				"${TARGET_BUILD_DIR}/${UNLOCALIZED_RESOURCES_FOLDER_PATH}/BRPickerView.bundle",
				"${TARGET_BUILD_DIR}/${UNLOCALIZED_RESOURCES_FOLDER_PATH}/IQKeyboardManager.bundle",
				"${TARGET_BUILD_DIR}/${UNLOCALIZED_RESOURCES_FOLDER_PATH}/MJRefresh.bundle",
				"${TARGET_BUILD_DIR}/${UNLOCALIZED_RESOURCES_FOLDER_PATH}/TZImagePickerController.bundle",
			);
			runOnlyForDeploymentPostprocessing = 0;
			shellPath = /bin/sh;
			shellScript = "\"${SRCROOT}/Pods/Target Support Files/Pods-DKProjectDemo/Pods-DKProjectDemo-resources.sh\"\n";
			showEnvVarsInLog = 0;
		};
/* End PBXShellScriptBuildPhase section */

/* Begin PBXSourcesBuildPhase section */
		35E1555B22390C8700F6C1C3 /* Sources */ = {
			isa = PBXSourcesBuildPhase;
			buildActionMask = 2147483647;
			files = (
				3576CC3D223A5C80003D21F8 /* Constants.m in Sources */,
				35951C55223B8AED003354B3 /* CommonTool.m in Sources */,
				3576CC35223A5B77003D21F8 /* BaseModel.m in Sources */,
				35E1556722390C8700F6C1C3 /* ViewController.m in Sources */,
				35951C6B223B93C0003354B3 /* UIView+DKRoundedCorners.m in Sources */,
				3576CC25223A59F7003D21F8 /* AINetworkResult.m in Sources */,
				35951C6E223B9405003354B3 /* NSString+Extension.m in Sources */,
				35E1557222390C8900F6C1C3 /* main.m in Sources */,
				3576CC2E223A5B44003D21F8 /* BaseRefreshHeader.m in Sources */,
				3576CC24223A59F7003D21F8 /* AINetworkEngine.m in Sources */,
				35E1556422390C8700F6C1C3 /* AppDelegate.m in Sources */,
				35951C65223B935A003354B3 /* BaseViewController.m in Sources */,
				35951C68223B938B003354B3 /* BaseNavigationController.m in Sources */,
				3576CC34223A5B77003D21F8 /* UserInfoModel.m in Sources */,
				3576CC38223A5BBD003D21F8 /* BaseTableView.m in Sources */,
				35951C5C223B8B88003354B3 /* NSData+AES.m in Sources */,
				3576CC2F223A5B44003D21F8 /* BaseRefreshFooter.m in Sources */,
				35951C5D223B8B88003354B3 /* GTMBase64.m in Sources */,
			);
			runOnlyForDeploymentPostprocessing = 0;
		};
		35E1557322390C8900F6C1C3 /* Sources */ = {
			isa = PBXSourcesBuildPhase;
			buildActionMask = 2147483647;
			files = (
				35E1557C22390C8900F6C1C3 /* DKProjectDemoTests.m in Sources */,
			);
			runOnlyForDeploymentPostprocessing = 0;
		};
		35E1557E22390C8900F6C1C3 /* Sources */ = {
			isa = PBXSourcesBuildPhase;
			buildActionMask = 2147483647;
			files = (
				35E1558722390C8900F6C1C3 /* DKProjectDemoUITests.m in Sources */,
			);
			runOnlyForDeploymentPostprocessing = 0;
		};
/* End PBXSourcesBuildPhase section */

/* Begin PBXTargetDependency section */
		35E1557922390C8900F6C1C3 /* PBXTargetDependency */ = {
			isa = PBXTargetDependency;
			target = 35E1555E22390C8700F6C1C3 /* DKProjectDemo */;
			targetProxy = 35E1557822390C8900F6C1C3 /* PBXContainerItemProxy */;
		};
		35E1558422390C8900F6C1C3 /* PBXTargetDependency */ = {
			isa = PBXTargetDependency;
			target = 35E1555E22390C8700F6C1C3 /* DKProjectDemo */;
			targetProxy = 35E1558322390C8900F6C1C3 /* PBXContainerItemProxy */;
		};
/* End PBXTargetDependency section */

/* Begin PBXVariantGroup section */
		35E1556822390C8700F6C1C3 /* Main.storyboard */ = {
			isa = PBXVariantGroup;
			children = (
				35E1556922390C8700F6C1C3 /* Base */,
			);
			name = Main.storyboard;
			sourceTree = "<group>";
		};
		35E1556D22390C8900F6C1C3 /* LaunchScreen.storyboard */ = {
			isa = PBXVariantGroup;
			children = (
				35E1556E22390C8900F6C1C3 /* Base */,
			);
			name = LaunchScreen.storyboard;
			sourceTree = "<group>";
		};
/* End PBXVariantGroup section */

/* Begin XCBuildConfiguration section */
		35E1558922390C8900F6C1C3 /* Debug */ = {
			isa = XCBuildConfiguration;
			buildSettings = {
				ALWAYS_SEARCH_USER_PATHS = NO;
				CLANG_ANALYZER_NONNULL = YES;
				CLANG_ANALYZER_NUMBER_OBJECT_CONVERSION = YES_AGGRESSIVE;
				CLANG_CXX_LANGUAGE_STANDARD = "gnu++14";
				CLANG_CXX_LIBRARY = "libc++";
				CLANG_ENABLE_MODULES = YES;
				CLANG_ENABLE_OBJC_ARC = YES;
				CLANG_ENABLE_OBJC_WEAK = YES;
				CLANG_WARN_BLOCK_CAPTURE_AUTORELEASING = YES;
				CLANG_WARN_BOOL_CONVERSION = YES;
				CLANG_WARN_COMMA = YES;
				CLANG_WARN_CONSTANT_CONVERSION = YES;
				CLANG_WARN_DEPRECATED_OBJC_IMPLEMENTATIONS = YES;
				CLANG_WARN_DIRECT_OBJC_ISA_USAGE = YES_ERROR;
				CLANG_WARN_DOCUMENTATION_COMMENTS = YES;
				CLANG_WARN_EMPTY_BODY = YES;
				CLANG_WARN_ENUM_CONVERSION = YES;
				CLANG_WARN_INFINITE_RECURSION = YES;
				CLANG_WARN_INT_CONVERSION = YES;
				CLANG_WARN_NON_LITERAL_NULL_CONVERSION = YES;
				CLANG_WARN_OBJC_IMPLICIT_RETAIN_SELF = YES;
				CLANG_WARN_OBJC_LITERAL_CONVERSION = YES;
				CLANG_WARN_OBJC_ROOT_CLASS = YES_ERROR;
				CLANG_WARN_RANGE_LOOP_ANALYSIS = YES;
				CLANG_WARN_STRICT_PROTOTYPES = YES;
				CLANG_WARN_SUSPICIOUS_MOVE = YES;
				CLANG_WARN_UNGUARDED_AVAILABILITY = YES_AGGRESSIVE;
				CLANG_WARN_UNREACHABLE_CODE = YES;
				CLANG_WARN__DUPLICATE_METHOD_MATCH = YES;
				CODE_SIGN_IDENTITY = "iPhone Developer";
				COPY_PHASE_STRIP = NO;
				DEBUG_INFORMATION_FORMAT = dwarf;
				ENABLE_STRICT_OBJC_MSGSEND = YES;
				ENABLE_TESTABILITY = YES;
				GCC_C_LANGUAGE_STANDARD = gnu11;
				GCC_DYNAMIC_NO_PIC = NO;
				GCC_NO_COMMON_BLOCKS = YES;
				GCC_OPTIMIZATION_LEVEL = 0;
				GCC_PREPROCESSOR_DEFINITIONS = (
					"DEBUG=1",
					"$(inherited)",
				);
				GCC_WARN_64_TO_32_BIT_CONVERSION = YES;
				GCC_WARN_ABOUT_RETURN_TYPE = YES_ERROR;
				GCC_WARN_UNDECLARED_SELECTOR = YES;
				GCC_WARN_UNINITIALIZED_AUTOS = YES_AGGRESSIVE;
				GCC_WARN_UNUSED_FUNCTION = YES;
				GCC_WARN_UNUSED_VARIABLE = YES;
				IPHONEOS_DEPLOYMENT_TARGET = 12.1;
				MTL_ENABLE_DEBUG_INFO = INCLUDE_SOURCE;
				MTL_FAST_MATH = YES;
				ONLY_ACTIVE_ARCH = YES;
				SDKROOT = iphoneos;
			};
			name = Debug;
		};
		35E1558A22390C8900F6C1C3 /* Release */ = {
			isa = XCBuildConfiguration;
			buildSettings = {
				ALWAYS_SEARCH_USER_PATHS = NO;
				CLANG_ANALYZER_NONNULL = YES;
				CLANG_ANALYZER_NUMBER_OBJECT_CONVERSION = YES_AGGRESSIVE;
				CLANG_CXX_LANGUAGE_STANDARD = "gnu++14";
				CLANG_CXX_LIBRARY = "libc++";
				CLANG_ENABLE_MODULES = YES;
				CLANG_ENABLE_OBJC_ARC = YES;
				CLANG_ENABLE_OBJC_WEAK = YES;
				CLANG_WARN_BLOCK_CAPTURE_AUTORELEASING = YES;
				CLANG_WARN_BOOL_CONVERSION = YES;
				CLANG_WARN_COMMA = YES;
				CLANG_WARN_CONSTANT_CONVERSION = YES;
				CLANG_WARN_DEPRECATED_OBJC_IMPLEMENTATIONS = YES;
				CLANG_WARN_DIRECT_OBJC_ISA_USAGE = YES_ERROR;
				CLANG_WARN_DOCUMENTATION_COMMENTS = YES;
				CLANG_WARN_EMPTY_BODY = YES;
				CLANG_WARN_ENUM_CONVERSION = YES;
				CLANG_WARN_INFINITE_RECURSION = YES;
				CLANG_WARN_INT_CONVERSION = YES;
				CLANG_WARN_NON_LITERAL_NULL_CONVERSION = YES;
				CLANG_WARN_OBJC_IMPLICIT_RETAIN_SELF = YES;
				CLANG_WARN_OBJC_LITERAL_CONVERSION = YES;
				CLANG_WARN_OBJC_ROOT_CLASS = YES_ERROR;
				CLANG_WARN_RANGE_LOOP_ANALYSIS = YES;
				CLANG_WARN_STRICT_PROTOTYPES = YES;
				CLANG_WARN_SUSPICIOUS_MOVE = YES;
				CLANG_WARN_UNGUARDED_AVAILABILITY = YES_AGGRESSIVE;
				CLANG_WARN_UNREACHABLE_CODE = YES;
				CLANG_WARN__DUPLICATE_METHOD_MATCH = YES;
				CODE_SIGN_IDENTITY = "iPhone Developer";
				COPY_PHASE_STRIP = NO;
				DEBUG_INFORMATION_FORMAT = "dwarf-with-dsym";
				ENABLE_NS_ASSERTIONS = NO;
				ENABLE_STRICT_OBJC_MSGSEND = YES;
				GCC_C_LANGUAGE_STANDARD = gnu11;
				GCC_NO_COMMON_BLOCKS = YES;
				GCC_WARN_64_TO_32_BIT_CONVERSION = YES;
				GCC_WARN_ABOUT_RETURN_TYPE = YES_ERROR;
				GCC_WARN_UNDECLARED_SELECTOR = YES;
				GCC_WARN_UNINITIALIZED_AUTOS = YES_AGGRESSIVE;
				GCC_WARN_UNUSED_FUNCTION = YES;
				GCC_WARN_UNUSED_VARIABLE = YES;
				IPHONEOS_DEPLOYMENT_TARGET = 12.1;
				MTL_ENABLE_DEBUG_INFO = NO;
				MTL_FAST_MATH = YES;
				SDKROOT = iphoneos;
				VALIDATE_PRODUCT = YES;
			};
			name = Release;
		};
		35E1558C22390C8900F6C1C3 /* Debug */ = {
			isa = XCBuildConfiguration;
			baseConfigurationReference = EE2FC6563792C21BE0E03AC9 /* Pods-DKProjectDemo.debug.xcconfig */;
			buildSettings = {
				ASSETCATALOG_COMPILER_APPICON_NAME = AppIcon;
				CODE_SIGN_STYLE = Automatic;
				DEVELOPMENT_TEAM = TFW7NDYC5Z;
				GCC_PREFIX_HEADER = DKProjectDemo/Macro/PrefixHeader.pch;
				INFOPLIST_FILE = DKProjectDemo/Info.plist;
				LD_RUNPATH_SEARCH_PATHS = (
					"$(inherited)",
					"@executable_path/Frameworks",
				);
				PRODUCT_BUNDLE_IDENTIFIER = com.dake.DKProjectDemo;
				PRODUCT_NAME = "$(TARGET_NAME)";
				TARGETED_DEVICE_FAMILY = "1,2";
			};
			name = Debug;
		};
		35E1558D22390C8900F6C1C3 /* Release */ = {
			isa = XCBuildConfiguration;
			baseConfigurationReference = 11B671076F5CD08F8E801765 /* Pods-DKProjectDemo.release.xcconfig */;
			buildSettings = {
				ASSETCATALOG_COMPILER_APPICON_NAME = AppIcon;
				CODE_SIGN_STYLE = Automatic;
				DEVELOPMENT_TEAM = TFW7NDYC5Z;
				GCC_PREFIX_HEADER = DKProjectDemo/Macro/PrefixHeader.pch;
				INFOPLIST_FILE = DKProjectDemo/Info.plist;
				LD_RUNPATH_SEARCH_PATHS = (
					"$(inherited)",
					"@executable_path/Frameworks",
				);
				PRODUCT_BUNDLE_IDENTIFIER = com.dake.DKProjectDemo;
				PRODUCT_NAME = "$(TARGET_NAME)";
				TARGETED_DEVICE_FAMILY = "1,2";
			};
			name = Release;
		};
		35E1558F22390C8900F6C1C3 /* Debug */ = {
			isa = XCBuildConfiguration;
			buildSettings = {
				BUNDLE_LOADER = "$(TEST_HOST)";
				CODE_SIGN_STYLE = Automatic;
				DEVELOPMENT_TEAM = TFW7NDYC5Z;
				INFOPLIST_FILE = DKProjectDemoTests/Info.plist;
				LD_RUNPATH_SEARCH_PATHS = (
					"$(inherited)",
					"@executable_path/Frameworks",
					"@loader_path/Frameworks",
				);
				PRODUCT_BUNDLE_IDENTIFIER = com.dake.DKProjectDemoTests;
				PRODUCT_NAME = "$(TARGET_NAME)";
				TARGETED_DEVICE_FAMILY = "1,2";
				TEST_HOST = "$(BUILT_PRODUCTS_DIR)/DKProjectDemo.app/DKProjectDemo";
			};
			name = Debug;
		};
		35E1559022390C8900F6C1C3 /* Release */ = {
			isa = XCBuildConfiguration;
			buildSettings = {
				BUNDLE_LOADER = "$(TEST_HOST)";
				CODE_SIGN_STYLE = Automatic;
				DEVELOPMENT_TEAM = TFW7NDYC5Z;
				INFOPLIST_FILE = DKProjectDemoTests/Info.plist;
				LD_RUNPATH_SEARCH_PATHS = (
					"$(inherited)",
					"@executable_path/Frameworks",
					"@loader_path/Frameworks",
				);
				PRODUCT_BUNDLE_IDENTIFIER = com.dake.DKProjectDemoTests;
				PRODUCT_NAME = "$(TARGET_NAME)";
				TARGETED_DEVICE_FAMILY = "1,2";
				TEST_HOST = "$(BUILT_PRODUCTS_DIR)/DKProjectDemo.app/DKProjectDemo";
			};
			name = Release;
		};
		35E1559222390C8900F6C1C3 /* Debug */ = {
			isa = XCBuildConfiguration;
			buildSettings = {
				CODE_SIGN_STYLE = Automatic;
				DEVELOPMENT_TEAM = TFW7NDYC5Z;
				INFOPLIST_FILE = DKProjectDemoUITests/Info.plist;
				LD_RUNPATH_SEARCH_PATHS = (
					"$(inherited)",
					"@executable_path/Frameworks",
					"@loader_path/Frameworks",
				);
				PRODUCT_BUNDLE_IDENTIFIER = com.dake.DKProjectDemoUITests;
				PRODUCT_NAME = "$(TARGET_NAME)";
				TARGETED_DEVICE_FAMILY = "1,2";
				TEST_TARGET_NAME = DKProjectDemo;
			};
			name = Debug;
		};
		35E1559322390C8900F6C1C3 /* Release */ = {
			isa = XCBuildConfiguration;
			buildSettings = {
				CODE_SIGN_STYLE = Automatic;
				DEVELOPMENT_TEAM = TFW7NDYC5Z;
				INFOPLIST_FILE = DKProjectDemoUITests/Info.plist;
				LD_RUNPATH_SEARCH_PATHS = (
					"$(inherited)",
					"@executable_path/Frameworks",
					"@loader_path/Frameworks",
				);
				PRODUCT_BUNDLE_IDENTIFIER = com.dake.DKProjectDemoUITests;
				PRODUCT_NAME = "$(TARGET_NAME)";
				TARGETED_DEVICE_FAMILY = "1,2";
				TEST_TARGET_NAME = DKProjectDemo;
			};
			name = Release;
		};
/* End XCBuildConfiguration section */

/* Begin XCConfigurationList section */
		35E1555A22390C8700F6C1C3 /* Build configuration list for PBXProject "DKProjectDemo" */ = {
			isa = XCConfigurationList;
			buildConfigurations = (
				35E1558922390C8900F6C1C3 /* Debug */,
				35E1558A22390C8900F6C1C3 /* Release */,
			);
			defaultConfigurationIsVisible = 0;
			defaultConfigurationName = Release;
		};
		35E1558B22390C8900F6C1C3 /* Build configuration list for PBXNativeTarget "DKProjectDemo" */ = {
			isa = XCConfigurationList;
			buildConfigurations = (
				35E1558C22390C8900F6C1C3 /* Debug */,
				35E1558D22390C8900F6C1C3 /* Release */,
			);
			defaultConfigurationIsVisible = 0;
			defaultConfigurationName = Release;
		};
		35E1558E22390C8900F6C1C3 /* Build configuration list for PBXNativeTarget "DKProjectDemoTests" */ = {
			isa = XCConfigurationList;
			buildConfigurations = (
				35E1558F22390C8900F6C1C3 /* Debug */,
				35E1559022390C8900F6C1C3 /* Release */,
			);
			defaultConfigurationIsVisible = 0;
			defaultConfigurationName = Release;
		};
		35E1559122390C8900F6C1C3 /* Build configuration list for PBXNativeTarget "DKProjectDemoUITests" */ = {
			isa = XCConfigurationList;
			buildConfigurations = (
				35E1559222390C8900F6C1C3 /* Debug */,
				35E1559322390C8900F6C1C3 /* Release */,
			);
			defaultConfigurationIsVisible = 0;
			defaultConfigurationName = Release;
		};
/* End XCConfigurationList section */
	};
	rootObject = 35E1555722390C8700F6C1C3 /* Project object */;
}
